// !$*UTF8*$!
{
	archiveVersion = 1;
	classes = {
	};
	objectVersion = 56;
	objects = {

/* Begin PBXBuildFile section */
		F08233942A968AB600647985 /* ToDoListSwiftUIApp.swift in Sources */ = {isa = PBXBuildFile; fileRef = F08233932A968AB600647985 /* ToDoListSwiftUIApp.swift */; };
		F08233962A968AB600647985 /* ContentView.swift in Sources */ = {isa = PBXBuildFile; fileRef = F08233952A968AB600647985 /* ContentView.swift */; };
		F08233982A968AB700647985 /* Assets.xcassets in Resources */ = {isa = PBXBuildFile; fileRef = F08233972A968AB700647985 /* Assets.xcassets */; };
		F082339B2A968AB700647985 /* Preview Assets.xcassets in Resources */ = {isa = PBXBuildFile; fileRef = F082339A2A968AB700647985 /* Preview Assets.xcassets */; };
		F08233A32A968B9900647985 /* FirebaseAuth in Frameworks */ = {isa = PBXBuildFile; productRef = F08233A22A968B9900647985 /* FirebaseAuth */; };
		F08233A52A968B9900647985 /* FirebaseFirestore in Frameworks */ = {isa = PBXBuildFile; productRef = F08233A42A968B9900647985 /* FirebaseFirestore */; };
		F08233A72A968B9900647985 /* FirebaseFirestoreSwift in Frameworks */ = {isa = PBXBuildFile; productRef = F08233A62A968B9900647985 /* FirebaseFirestoreSwift */; };
		F08233A92A968BFB00647985 /* GoogleService-Info.plist in Resources */ = {isa = PBXBuildFile; fileRef = F08233A82A968BFB00647985 /* GoogleService-Info.plist */; };
		F08233AF2A968C9300647985 /* User.swift in Sources */ = {isa = PBXBuildFile; fileRef = F08233AE2A968C9300647985 /* User.swift */; };
		F08233B12A968C9D00647985 /* ToDoListItem.swift in Sources */ = {isa = PBXBuildFile; fileRef = F08233B02A968C9D00647985 /* ToDoListItem.swift */; };
		F08233B32A968CA900647985 /* ProfileView.swift in Sources */ = {isa = PBXBuildFile; fileRef = F08233B22A968CA900647985 /* ProfileView.swift */; };
		F08233B52A968CAF00647985 /* LoginView.swift in Sources */ = {isa = PBXBuildFile; fileRef = F08233B42A968CAF00647985 /* LoginView.swift */; };
		F08233B72A968CBC00647985 /* RegisterView.swift in Sources */ = {isa = PBXBuildFile; fileRef = F08233B62A968CBC00647985 /* RegisterView.swift */; };
		F08233B92A968CD800647985 /* ToDoListView.swift in Sources */ = {isa = PBXBuildFile; fileRef = F08233B82A968CD800647985 /* ToDoListView.swift */; };
		F08233BB2A968CF100647985 /* NewItemView.swift in Sources */ = {isa = PBXBuildFile; fileRef = F08233BA2A968CF100647985 /* NewItemView.swift */; };
		F08233BD2A968D0200647985 /* ToDoListItemView.swift in Sources */ = {isa = PBXBuildFile; fileRef = F08233BC2A968D0200647985 /* ToDoListItemView.swift */; };
		F08233BF2A968D1600647985 /* ContentViewMoel.swift in Sources */ = {isa = PBXBuildFile; fileRef = F08233BE2A968D1600647985 /* ContentViewMoel.swift */; };
		F08233C12A968D2200647985 /* ProfileViewModel.swift in Sources */ = {isa = PBXBuildFile; fileRef = F08233C02A968D2200647985 /* ProfileViewModel.swift */; };
		F08233C32A968D2F00647985 /* LoginViewModel.swift in Sources */ = {isa = PBXBuildFile; fileRef = F08233C22A968D2F00647985 /* LoginViewModel.swift */; };
		F08233C52A968D3B00647985 /* RegisterViewModel.swift in Sources */ = {isa = PBXBuildFile; fileRef = F08233C42A968D3B00647985 /* RegisterViewModel.swift */; };
		F08233C72A968D4B00647985 /* ToDoListViewModel.swift in Sources */ = {isa = PBXBuildFile; fileRef = F08233C62A968D4B00647985 /* ToDoListViewModel.swift */; };
		F08233C92A968D5600647985 /* NewItemViewModel.swift in Sources */ = {isa = PBXBuildFile; fileRef = F08233C82A968D5600647985 /* NewItemViewModel.swift */; };
		F08233CB2A968D6400647985 /* ToDoListItemViewModel.swift in Sources */ = {isa = PBXBuildFile; fileRef = F08233CA2A968D6400647985 /* ToDoListItemViewModel.swift */; };
		F0BA8CAC2A97D194004AEEE5 /* HeaderView.swift in Sources */ = {isa = PBXBuildFile; fileRef = F0BA8CAB2A97D194004AEEE5 /* HeaderView.swift */; };
		F0BA8CAE2A97DB62004AEEE5 /*  TLButton.swift in Sources */ = {isa = PBXBuildFile; fileRef = F0BA8CAD2A97DB62004AEEE5 /*  TLButton.swift */; };
/* End PBXBuildFile section */

/* Begin PBXFileReference section */
		F08233902A968AB600647985 /* ToDoListSwiftUI.app */ = {isa = PBXFileReference; explicitFileType = wrapper.application; includeInIndex = 0; path = ToDoListSwiftUI.app; sourceTree = BUILT_PRODUCTS_DIR; };
		F08233932A968AB600647985 /* ToDoListSwiftUIApp.swift */ = {isa = PBXFileReference; lastKnownFileType = sourcecode.swift; path = ToDoListSwiftUIApp.swift; sourceTree = "<group>"; };
		F08233952A968AB600647985 /* ContentView.swift */ = {isa = PBXFileReference; lastKnownFileType = sourcecode.swift; path = ContentView.swift; sourceTree = "<group>"; };
		F08233972A968AB700647985 /* Assets.xcassets */ = {isa = PBXFileReference; lastKnownFileType = folder.assetcatalog; path = Assets.xcassets; sourceTree = "<group>"; };
		F082339A2A968AB700647985 /* Preview Assets.xcassets */ = {isa = PBXFileReference; lastKnownFileType = folder.assetcatalog; path = "Preview Assets.xcassets"; sourceTree = "<group>"; };
		F08233A82A968BFB00647985 /* GoogleService-Info.plist */ = {isa = PBXFileReference; fileEncoding = 4; lastKnownFileType = text.plist.xml; path = "GoogleService-Info.plist"; sourceTree = "<group>"; };
		F08233AE2A968C9300647985 /* User.swift */ = {isa = PBXFileReference; lastKnownFileType = sourcecode.swift; path = User.swift; sourceTree = "<group>"; };
		F08233B02A968C9D00647985 /* ToDoListItem.swift */ = {isa = PBXFileReference; lastKnownFileType = sourcecode.swift; path = ToDoListItem.swift; sourceTree = "<group>"; };
		F08233B22A968CA900647985 /* ProfileView.swift */ = {isa = PBXFileReference; lastKnownFileType = sourcecode.swift; path = ProfileView.swift; sourceTree = "<group>"; };
		F08233B42A968CAF00647985 /* LoginView.swift */ = {isa = PBXFileReference; lastKnownFileType = sourcecode.swift; path = LoginView.swift; sourceTree = "<group>"; };
		F08233B62A968CBC00647985 /* RegisterView.swift */ = {isa = PBXFileReference; lastKnownFileType = sourcecode.swift; path = RegisterView.swift; sourceTree = "<group>"; };
		F08233B82A968CD800647985 /* ToDoListView.swift */ = {isa = PBXFileReference; lastKnownFileType = sourcecode.swift; path = ToDoListView.swift; sourceTree = "<group>"; };
		F08233BA2A968CF100647985 /* NewItemView.swift */ = {isa = PBXFileReference; lastKnownFileType = sourcecode.swift; path = NewItemView.swift; sourceTree = "<group>"; };
		F08233BC2A968D0200647985 /* ToDoListItemView.swift */ = {isa = PBXFileReference; lastKnownFileType = sourcecode.swift; path = ToDoListItemView.swift; sourceTree = "<group>"; };
		F08233BE2A968D1600647985 /* ContentViewMoel.swift */ = {isa = PBXFileReference; lastKnownFileType = sourcecode.swift; path = ContentViewMoel.swift; sourceTree = "<group>"; };
		F08233C02A968D2200647985 /* ProfileViewModel.swift */ = {isa = PBXFileReference; lastKnownFileType = sourcecode.swift; path = ProfileViewModel.swift; sourceTree = "<group>"; };
		F08233C22A968D2F00647985 /* LoginViewModel.swift */ = {isa = PBXFileReference; lastKnownFileType = sourcecode.swift; path = LoginViewModel.swift; sourceTree = "<group>"; };
		F08233C42A968D3B00647985 /* RegisterViewModel.swift */ = {isa = PBXFileReference; lastKnownFileType = sourcecode.swift; path = RegisterViewModel.swift; sourceTree = "<group>"; };
		F08233C62A968D4B00647985 /* ToDoListViewModel.swift */ = {isa = PBXFileReference; lastKnownFileType = sourcecode.swift; path = ToDoListViewModel.swift; sourceTree = "<group>"; };
		F08233C82A968D5600647985 /* NewItemViewModel.swift */ = {isa = PBXFileReference; lastKnownFileType = sourcecode.swift; path = NewItemViewModel.swift; sourceTree = "<group>"; };
		F08233CA2A968D6400647985 /* ToDoListItemViewModel.swift */ = {isa = PBXFileReference; lastKnownFileType = sourcecode.swift; path = ToDoListItemViewModel.swift; sourceTree = "<group>"; };
		F0BA8CAB2A97D194004AEEE5 /* HeaderView.swift */ = {isa = PBXFileReference; lastKnownFileType = sourcecode.swift; path = HeaderView.swift; sourceTree = "<group>"; };
		F0BA8CAD2A97DB62004AEEE5 /*  TLButton.swift */ = {isa = PBXFileReference; lastKnownFileType = sourcecode.swift; path = " TLButton.swift"; sourceTree = "<group>"; };
/* End PBXFileReference section */

/* Begin PBXFrameworksBuildPhase section */
		F082338D2A968AB600647985 /* Frameworks */ = {
			isa = PBXFrameworksBuildPhase;
			buildActionMask = 2147483647;
			files = (
				F08233A32A968B9900647985 /* FirebaseAuth in Frameworks */,
				F08233A52A968B9900647985 /* FirebaseFirestore in Frameworks */,
				F08233A72A968B9900647985 /* FirebaseFirestoreSwift in Frameworks */,
			);
			runOnlyForDeploymentPostprocessing = 0;
		};
/* End PBXFrameworksBuildPhase section */

/* Begin PBXGroup section */
		F08233872A968AB600647985 = {
			isa = PBXGroup;
			children = (
				F08233922A968AB600647985 /* ToDoListSwiftUI */,
				F08233912A968AB600647985 /* Products */,
			);
			sourceTree = "<group>";
		};
		F08233912A968AB600647985 /* Products */ = {
			isa = PBXGroup;
			children = (
				F08233902A968AB600647985 /* ToDoListSwiftUI.app */,
			);
			name = Products;
			sourceTree = "<group>";
		};
		F08233922A968AB600647985 /* ToDoListSwiftUI */ = {
			isa = PBXGroup;
			children = (
				F08233AD2A968C6500647985 /* Others */,
				F08233AC2A968C5B00647985 /* Models */,
				F08233AB2A968C5200647985 /* ViewModels */,
				F08233AA2A968C4B00647985 /* Views */,
				F08233992A968AB700647985 /* Preview Content */,
			);
			path = ToDoListSwiftUI;
			sourceTree = "<group>";
		};
		F08233992A968AB700647985 /* Preview Content */ = {
			isa = PBXGroup;
			children = (
				F082339A2A968AB700647985 /* Preview Assets.xcassets */,
			);
			path = "Preview Content";
			sourceTree = "<group>";
		};
		F08233AA2A968C4B00647985 /* Views */ = {
			isa = PBXGroup;
			children = (
				F08233952A968AB600647985 /* ContentView.swift */,
				F08233B22A968CA900647985 /* ProfileView.swift */,
				F08233B42A968CAF00647985 /* LoginView.swift */,
				F08233B62A968CBC00647985 /* RegisterView.swift */,
				F08233B82A968CD800647985 /* ToDoListView.swift */,
				F08233BA2A968CF100647985 /* NewItemView.swift */,
				F08233BC2A968D0200647985 /* ToDoListItemView.swift */,
				F0BA8CAB2A97D194004AEEE5 /* HeaderView.swift */,
				F0BA8CAD2A97DB62004AEEE5 /*  TLButton.swift */,
			);
			path = Views;
			sourceTree = "<group>";
		};
		F08233AB2A968C5200647985 /* ViewModels */ = {
			isa = PBXGroup;
			children = (
				F08233BE2A968D1600647985 /* ContentViewMoel.swift */,
				F08233C02A968D2200647985 /* ProfileViewModel.swift */,
				F08233C22A968D2F00647985 /* LoginViewModel.swift */,
				F08233C42A968D3B00647985 /* RegisterViewModel.swift */,
				F08233C62A968D4B00647985 /* ToDoListViewModel.swift */,
				F08233C82A968D5600647985 /* NewItemViewModel.swift */,
				F08233CA2A968D6400647985 /* ToDoListItemViewModel.swift */,
			);
			path = ViewModels;
			sourceTree = "<group>";
		};
		F08233AC2A968C5B00647985 /* Models */ = {
			isa = PBXGroup;
			children = (
				F08233AE2A968C9300647985 /* User.swift */,
				F08233B02A968C9D00647985 /* ToDoListItem.swift */,
			);
			path = Models;
			sourceTree = "<group>";
		};
		F08233AD2A968C6500647985 /* Others */ = {
			isa = PBXGroup;
			children = (
				F08233932A968AB600647985 /* ToDoListSwiftUIApp.swift */,
				F08233A82A968BFB00647985 /* GoogleService-Info.plist */,
				F08233972A968AB700647985 /* Assets.xcassets */,
			);
			path = Others;
			sourceTree = "<group>";
		};
/* End PBXGroup section */

/* Begin PBXNativeTarget section */
		F082338F2A968AB600647985 /* ToDoListSwiftUI */ = {
			isa = PBXNativeTarget;
			buildConfigurationList = F082339E2A968AB700647985 /* Build configuration list for PBXNativeTarget "ToDoListSwiftUI" */;
			buildPhases = (
				F082338C2A968AB600647985 /* Sources */,
				F082338D2A968AB600647985 /* Frameworks */,
				F082338E2A968AB600647985 /* Resources */,
			);
			buildRules = (
			);
			dependencies = (
			);
			name = ToDoListSwiftUI;
			packageProductDependencies = (
				F08233A22A968B9900647985 /* FirebaseAuth */,
				F08233A42A968B9900647985 /* FirebaseFirestore */,
				F08233A62A968B9900647985 /* FirebaseFirestoreSwift */,
			);
			productName = ToDoListSwiftUI;
			productReference = F08233902A968AB600647985 /* ToDoListSwiftUI.app */;
			productType = "com.apple.product-type.application";
		};
/* End PBXNativeTarget section */

/* Begin PBXProject section */
		F08233882A968AB600647985 /* Project object */ = {
			isa = PBXProject;
			attributes = {
				BuildIndependentTargetsInParallel = 1;
				LastSwiftUpdateCheck = 1410;
				LastUpgradeCheck = 1410;
				TargetAttributes = {
					F082338F2A968AB600647985 = {
						CreatedOnToolsVersion = 14.1;
					};
				};
			};
			buildConfigurationList = F082338B2A968AB600647985 /* Build configuration list for PBXProject "ToDoListSwiftUI" */;
			compatibilityVersion = "Xcode 14.0";
			developmentRegion = en;
			hasScannedForEncodings = 0;
			knownRegions = (
				en,
				Base,
			);
			mainGroup = F08233872A968AB600647985;
			packageReferences = (
				F08233A12A968B9900647985 /* XCRemoteSwiftPackageReference "firebase-ios-sdk" */,
			);
			productRefGroup = F08233912A968AB600647985 /* Products */;
			projectDirPath = "";
			projectRoot = "";
			targets = (
				F082338F2A968AB600647985 /* ToDoListSwiftUI */,
			);
		};
/* End PBXProject section */

/* Begin PBXResourcesBuildPhase section */
		F082338E2A968AB600647985 /* Resources */ = {
			isa = PBXResourcesBuildPhase;
			buildActionMask = 2147483647;
			files = (
				F082339B2A968AB700647985 /* Preview Assets.xcassets in Resources */,
				F08233982A968AB700647985 /* Assets.xcassets in Resources */,
				F08233A92A968BFB00647985 /* GoogleService-Info.plist in Resources */,
			);
			runOnlyForDeploymentPostprocessing = 0;
		};
/* End PBXResourcesBuildPhase section */

/* Begin PBXSourcesBuildPhase section */
		F082338C2A968AB600647985 /* Sources */ = {
			isa = PBXSourcesBuildPhase;
			buildActionMask = 2147483647;
			files = (
				F08233BB2A968CF100647985 /* NewItemView.swift in Sources */,
				F0BA8CAC2A97D194004AEEE5 /* HeaderView.swift in Sources */,
				F08233B52A968CAF00647985 /* LoginView.swift in Sources */,
				F08233962A968AB600647985 /* ContentView.swift in Sources */,
				F08233B92A968CD800647985 /* ToDoListView.swift in Sources */,
				F08233942A968AB600647985 /* ToDoListSwiftUIApp.swift in Sources */,
				F08233BF2A968D1600647985 /* ContentViewMoel.swift in Sources */,
				F08233C92A968D5600647985 /* NewItemViewModel.swift in Sources */,
				F08233C12A968D2200647985 /* ProfileViewModel.swift in Sources */,
				F0BA8CAE2A97DB62004AEEE5 /*  TLButton.swift in Sources */,
				F08233BD2A968D0200647985 /* ToDoListItemView.swift in Sources */,
				F08233CB2A968D6400647985 /* ToDoListItemViewModel.swift in Sources */,
				F08233C32A968D2F00647985 /* LoginViewModel.swift in Sources */,
				F08233C72A968D4B00647985 /* ToDoListViewModel.swift in Sources */,
				F08233C52A968D3B00647985 /* RegisterViewModel.swift in Sources */,
				F08233B72A968CBC00647985 /* RegisterView.swift in Sources */,
				F08233B32A968CA900647985 /* ProfileView.swift in Sources */,
				F08233B12A968C9D00647985 /* ToDoListItem.swift in Sources */,
				F08233AF2A968C9300647985 /* User.swift in Sources */,
			);
			runOnlyForDeploymentPostprocessing = 0;
		};
/* End PBXSourcesBuildPhase section */

/* Begin XCBuildConfiguration section */
		F082339C2A968AB700647985 /* Debug */ = {
			isa = XCBuildConfiguration;
			buildSettings = {
				ALWAYS_SEARCH_USER_PATHS = NO;
				CLANG_ANALYZER_NONNULL = YES;
				CLANG_ANALYZER_NUMBER_OBJECT_CONVERSION = YES_AGGRESSIVE;
				CLANG_CXX_LANGUAGE_STANDARD = "gnu++20";
				CLANG_ENABLE_MODULES = YES;
				CLANG_ENABLE_OBJC_ARC = YES;
				CLANG_ENABLE_OBJC_WEAK = YES;
				CLANG_WARN_BLOCK_CAPTURE_AUTORELEASING = YES;
				CLANG_WARN_BOOL_CONVERSION = YES;
				CLANG_WARN_COMMA = YES;
				CLANG_WARN_CONSTANT_CONVERSION = YES;
				CLANG_WARN_DEPRECATED_OBJC_IMPLEMENTATIONS = YES;
				CLANG_WARN_DIRECT_OBJC_ISA_USAGE = YES_ERROR;
				CLANG_WARN_DOCUMENTATION_COMMENTS = YES;
				CLANG_WARN_EMPTY_BODY = YES;
				CLANG_WARN_ENUM_CONVERSION = YES;
				CLANG_WARN_INFINITE_RECURSION = YES;
				CLANG_WARN_INT_CONVERSION = YES;
				CLANG_WARN_NON_LITERAL_NULL_CONVERSION = YES;
				CLANG_WARN_OBJC_IMPLICIT_RETAIN_SELF = YES;
				CLANG_WARN_OBJC_LITERAL_CONVERSION = YES;
				CLANG_WARN_OBJC_ROOT_CLASS = YES_ERROR;
				CLANG_WARN_QUOTED_INCLUDE_IN_FRAMEWORK_HEADER = YES;
				CLANG_WARN_RANGE_LOOP_ANALYSIS = YES;
				CLANG_WARN_STRICT_PROTOTYPES = YES;
				CLANG_WARN_SUSPICIOUS_MOVE = YES;
				CLANG_WARN_UNGUARDED_AVAILABILITY = YES_AGGRESSIVE;
				CLANG_WARN_UNREACHABLE_CODE = YES;
				CLANG_WARN__DUPLICATE_METHOD_MATCH = YES;
				COPY_PHASE_STRIP = NO;
				DEBUG_INFORMATION_FORMAT = dwarf;
				ENABLE_STRICT_OBJC_MSGSEND = YES;
				ENABLE_TESTABILITY = YES;
				GCC_C_LANGUAGE_STANDARD = gnu11;
				GCC_DYNAMIC_NO_PIC = NO;
				GCC_NO_COMMON_BLOCKS = YES;
				GCC_OPTIMIZATION_LEVEL = 0;
				GCC_PREPROCESSOR_DEFINITIONS = (
					"DEBUG=1",
					"$(inherited)",
				);
				GCC_WARN_64_TO_32_BIT_CONVERSION = YES;
				GCC_WARN_ABOUT_RETURN_TYPE = YES_ERROR;
				GCC_WARN_UNDECLARED_SELECTOR = YES;
				GCC_WARN_UNINITIALIZED_AUTOS = YES_AGGRESSIVE;
				GCC_WARN_UNUSED_FUNCTION = YES;
				GCC_WARN_UNUSED_VARIABLE = YES;
				IPHONEOS_DEPLOYMENT_TARGET = 16.1;
				MTL_ENABLE_DEBUG_INFO = INCLUDE_SOURCE;
				MTL_FAST_MATH = YES;
				ONLY_ACTIVE_ARCH = YES;
				SDKROOT = iphoneos;
				SWIFT_ACTIVE_COMPILATION_CONDITIONS = DEBUG;
				SWIFT_OPTIMIZATION_LEVEL = "-Onone";
			};
			name = Debug;
		};
		F082339D2A968AB700647985 /* Release */ = {
			isa = XCBuildConfiguration;
			buildSettings = {
				ALWAYS_SEARCH_USER_PATHS = NO;
				CLANG_ANALYZER_NONNULL = YES;
				CLANG_ANALYZER_NUMBER_OBJECT_CONVERSION = YES_AGGRESSIVE;
				CLANG_CXX_LANGUAGE_STANDARD = "gnu++20";
				CLANG_ENABLE_MODULES = YES;
				CLANG_ENABLE_OBJC_ARC = YES;
				CLANG_ENABLE_OBJC_WEAK = YES;
				CLANG_WARN_BLOCK_CAPTURE_AUTORELEASING = YES;
				CLANG_WARN_BOOL_CONVERSION = YES;
				CLANG_WARN_COMMA = YES;
				CLANG_WARN_CONSTANT_CONVERSION = YES;
				CLANG_WARN_DEPRECATED_OBJC_IMPLEMENTATIONS = YES;
				CLANG_WARN_DIRECT_OBJC_ISA_USAGE = YES_ERROR;
				CLANG_WARN_DOCUMENTATION_COMMENTS = YES;
				CLANG_WARN_EMPTY_BODY = YES;
				CLANG_WARN_ENUM_CONVERSION = YES;
				CLANG_WARN_INFINITE_RECURSION = YES;
				CLANG_WARN_INT_CONVERSION = YES;
				CLANG_WARN_NON_LITERAL_NULL_CONVERSION = YES;
				CLANG_WARN_OBJC_IMPLICIT_RETAIN_SELF = YES;
				CLANG_WARN_OBJC_LITERAL_CONVERSION = YES;
				CLANG_WARN_OBJC_ROOT_CLASS = YES_ERROR;
				CLANG_WARN_QUOTED_INCLUDE_IN_FRAMEWORK_HEADER = YES;
				CLANG_WARN_RANGE_LOOP_ANALYSIS = YES;
				CLANG_WARN_STRICT_PROTOTYPES = YES;
				CLANG_WARN_SUSPICIOUS_MOVE = YES;
				CLANG_WARN_UNGUARDED_AVAILABILITY = YES_AGGRESSIVE;
				CLANG_WARN_UNREACHABLE_CODE = YES;
				CLANG_WARN__DUPLICATE_METHOD_MATCH = YES;
				COPY_PHASE_STRIP = NO;
				DEBUG_INFORMATION_FORMAT = "dwarf-with-dsym";
				ENABLE_NS_ASSERTIONS = NO;
				ENABLE_STRICT_OBJC_MSGSEND = YES;
				GCC_C_LANGUAGE_STANDARD = gnu11;
				GCC_NO_COMMON_BLOCKS = YES;
				GCC_WARN_64_TO_32_BIT_CONVERSION = YES;
				GCC_WARN_ABOUT_RETURN_TYPE = YES_ERROR;
				GCC_WARN_UNDECLARED_SELECTOR = YES;
				GCC_WARN_UNINITIALIZED_AUTOS = YES_AGGRESSIVE;
				GCC_WARN_UNUSED_FUNCTION = YES;
				GCC_WARN_UNUSED_VARIABLE = YES;
				IPHONEOS_DEPLOYMENT_TARGET = 16.1;
				MTL_ENABLE_DEBUG_INFO = NO;
				MTL_FAST_MATH = YES;
				SDKROOT = iphoneos;
				SWIFT_COMPILATION_MODE = wholemodule;
				SWIFT_OPTIMIZATION_LEVEL = "-O";
				VALIDATE_PRODUCT = YES;
			};
			name = Release;
		};
		F082339F2A968AB700647985 /* Debug */ = {
			isa = XCBuildConfiguration;
			buildSettings = {
				ASSETCATALOG_COMPILER_APPICON_NAME = AppIcon;
				ASSETCATALOG_COMPILER_GLOBAL_ACCENT_COLOR_NAME = AccentColor;
				CODE_SIGN_STYLE = Automatic;
				CURRENT_PROJECT_VERSION = 1;
				DEVELOPMENT_ASSET_PATHS = "\"ToDoListSwiftUI/Preview Content\"";
				DEVELOPMENT_TEAM = 775TRJCG6B;
				ENABLE_PREVIEWS = YES;
				GENERATE_INFOPLIST_FILE = YES;
				INFOPLIST_KEY_UIApplicationSceneManifest_Generation = YES;
				INFOPLIST_KEY_UIApplicationSupportsIndirectInputEvents = YES;
				INFOPLIST_KEY_UILaunchScreen_Generation = YES;
				INFOPLIST_KEY_UISupportedInterfaceOrientations_iPad = "UIInterfaceOrientationPortrait UIInterfaceOrientationPortraitUpsideDown UIInterfaceOrientationLandscapeLeft UIInterfaceOrientationLandscapeRight";
				INFOPLIST_KEY_UISupportedInterfaceOrientations_iPhone = "UIInterfaceOrientationPortrait UIInterfaceOrientationLandscapeLeft UIInterfaceOrientationLandscapeRight";
				LD_RUNPATH_SEARCH_PATHS = (
					"$(inherited)",
					"@executable_path/Frameworks",
				);
				MARKETING_VERSION = 1.0;
				PRODUCT_BUNDLE_IDENTIFIER = com.umutbariscoskun.ToDoListSwiftUI;
				PRODUCT_NAME = "$(TARGET_NAME)";
				SWIFT_EMIT_LOC_STRINGS = YES;
				SWIFT_VERSION = 5.0;
				TARGETED_DEVICE_FAMILY = "1,2";
			};
			name = Debug;
		};
		F08233A02A968AB700647985 /* Release */ = {
			isa = XCBuildConfiguration;
			buildSettings = {
				ASSETCATALOG_COMPILER_APPICON_NAME = AppIcon;
				ASSETCATALOG_COMPILER_GLOBAL_ACCENT_COLOR_NAME = AccentColor;
				CODE_SIGN_STYLE = Automatic;
				CURRENT_PROJECT_VERSION = 1;
				DEVELOPMENT_ASSET_PATHS = "\"ToDoListSwiftUI/Preview Content\"";
				DEVELOPMENT_TEAM = 775TRJCG6B;
				ENABLE_PREVIEWS = YES;
				GENERATE_INFOPLIST_FILE = YES;
				INFOPLIST_KEY_UIApplicationSceneManifest_Generation = YES;
				INFOPLIST_KEY_UIApplicationSupportsIndirectInputEvents = YES;
				INFOPLIST_KEY_UILaunchScreen_Generation = YES;
				INFOPLIST_KEY_UISupportedInterfaceOrientations_iPad = "UIInterfaceOrientationPortrait UIInterfaceOrientationPortraitUpsideDown UIInterfaceOrientationLandscapeLeft UIInterfaceOrientationLandscapeRight";
				INFOPLIST_KEY_UISupportedInterfaceOrientations_iPhone = "UIInterfaceOrientationPortrait UIInterfaceOrientationLandscapeLeft UIInterfaceOrientationLandscapeRight";
				LD_RUNPATH_SEARCH_PATHS = (
					"$(inherited)",
					"@executable_path/Frameworks",
				);
				MARKETING_VERSION = 1.0;
				PRODUCT_BUNDLE_IDENTIFIER = com.umutbariscoskun.ToDoListSwiftUI;
				PRODUCT_NAME = "$(TARGET_NAME)";
				SWIFT_EMIT_LOC_STRINGS = YES;
				SWIFT_VERSION = 5.0;
				TARGETED_DEVICE_FAMILY = "1,2";
			};
			name = Release;
		};
/* End XCBuildConfiguration section */

/* Begin XCConfigurationList section */
		F082338B2A968AB600647985 /* Build configuration list for PBXProject "ToDoListSwiftUI" */ = {
			isa = XCConfigurationList;
			buildConfigurations = (
				F082339C2A968AB700647985 /* Debug */,
				F082339D2A968AB700647985 /* Release */,
			);
			defaultConfigurationIsVisible = 0;
			defaultConfigurationName = Release;
		};
		F082339E2A968AB700647985 /* Build configuration list for PBXNativeTarget "ToDoListSwiftUI" */ = {
			isa = XCConfigurationList;
			buildConfigurations = (
				F082339F2A968AB700647985 /* Debug */,
				F08233A02A968AB700647985 /* Release */,
			);
			defaultConfigurationIsVisible = 0;
			defaultConfigurationName = Release;
		};
/* End XCConfigurationList section */

/* Begin XCRemoteSwiftPackageReference section */
		F08233A12A968B9900647985 /* XCRemoteSwiftPackageReference "firebase-ios-sdk" */ = {
			isa = XCRemoteSwiftPackageReference;
			repositoryURL = "https://github.com/firebase/firebase-ios-sdk.git";
			requirement = {
				branch = master;
				kind = branch;
			};
		};
/* End XCRemoteSwiftPackageReference section */

/* Begin XCSwiftPackageProductDependency section */
		F08233A22A968B9900647985 /* FirebaseAuth */ = {
			isa = XCSwiftPackageProductDependency;
			package = F08233A12A968B9900647985 /* XCRemoteSwiftPackageReference "firebase-ios-sdk" */;
			productName = FirebaseAuth;
		};
		F08233A42A968B9900647985 /* FirebaseFirestore */ = {
			isa = XCSwiftPackageProductDependency;
			package = F08233A12A968B9900647985 /* XCRemoteSwiftPackageReference "firebase-ios-sdk" */;
			productName = FirebaseFirestore;
		};
		F08233A62A968B9900647985 /* FirebaseFirestoreSwift */ = {
			isa = XCSwiftPackageProductDependency;
			package = F08233A12A968B9900647985 /* XCRemoteSwiftPackageReference "firebase-ios-sdk" */;
			productName = FirebaseFirestoreSwift;
		};
/* End XCSwiftPackageProductDependency section */
	};
	rootObject = F08233882A968AB600647985 /* Project object */;
}
